
Microsoft Visual Studio Solution File, Format Version 12.00
# Visual Studio Version 17
VisualStudioVersion = 17.11.35312.102
MinimumVisualStudioVersion = 10.0.40219.1
Project("{FAE04EC0-301F-11D3-BF4B-00C04F79EFBC}") = "lab5_task2", "lab5_task2\lab5_task2.csproj", "{0C968F6D-C45E-4CBE-9512-2B7DC354B5C3}"
EndProject
Global
	GlobalSection(SolutionConfigurationPlatforms) = preSolution
		Debug|Any CPU = Debug|Any CPU
		Release|Any CPU = Release|Any CPU
	EndGlobalSection
	GlobalSection(ProjectConfigurationPlatforms) = postSolution
		{0C968F6D-C45E-4CBE-9512-2B7DC354B5C3}.Debug|Any CPU.ActiveCfg = Debug|Any CPU
		{0C968F6D-C45E-4CBE-9512-2B7DC354B5C3}.Debug|Any CPU.Build.0 = Debug|Any CPU
		{0C968F6D-C45E-4CBE-9512-2B7DC354B5C3}.Release|Any CPU.ActiveCfg = Release|Any CPU
		{0C968F6D-C45E-4CBE-9512-2B7DC354B5C3}.Release|Any CPU.Build.0 = Release|Any CPU
	EndGlobalSection
	GlobalSection(SolutionProperties) = preSolution
		HideSolutionNode = FALSE
	EndGlobalSection
	GlobalSection(ExtensibilityGlobals) = postSolution
		SolutionGuid = {C54FFA65-817D-4B72-8411-84DBCDBEAF43}
	EndGlobalSection
EndGlobal
