
Microsoft Visual Studio Solution File, Format Version 12.00
# Visual Studio Version 17
VisualStudioVersion = 17.11.35312.102
MinimumVisualStudioVersion = 10.0.40219.1
Project("{FAE04EC0-301F-11D3-BF4B-00C04F79EFBC}") = "lab4", "lab4\lab4.csproj", "{073371B5-5BAD-4FF7-9C0D-C3FDB1651C4D}"
EndProject
Global
	GlobalSection(SolutionConfigurationPlatforms) = preSolution
		Debug|Any CPU = Debug|Any CPU
		Release|Any CPU = Release|Any CPU
	EndGlobalSection
	GlobalSection(ProjectConfigurationPlatforms) = postSolution
		{073371B5-5BAD-4FF7-9C0D-C3FDB1651C4D}.Debug|Any CPU.ActiveCfg = Debug|Any CPU
		{073371B5-5BAD-4FF7-9C0D-C3FDB1651C4D}.Debug|Any CPU.Build.0 = Debug|Any CPU
		{073371B5-5BAD-4FF7-9C0D-C3FDB1651C4D}.Release|Any CPU.ActiveCfg = Release|Any CPU
		{073371B5-5BAD-4FF7-9C0D-C3FDB1651C4D}.Release|Any CPU.Build.0 = Release|Any CPU
	EndGlobalSection
	GlobalSection(SolutionProperties) = preSolution
		HideSolutionNode = FALSE
	EndGlobalSection
	GlobalSection(ExtensibilityGlobals) = postSolution
		SolutionGuid = {915C9D9B-6EAE-4F94-A93C-C6E2ABD0BDA4}
	EndGlobalSection
EndGlobal
